// !$*UTF8*$!
{
	archiveVersion = 1;
	classes = {
	};
	objectVersion = 46;
	objects = {

/* Begin PBXBuildFile section */
		467DDA621CD82927000BF023 /* main.m in Sources */ = {isa = PBXBuildFile; fileRef = 467DDA611CD82927000BF023 /* main.m */; };
		467DDA651CD82927000BF023 /* AppDelegate.m in Sources */ = {isa = PBXBuildFile; fileRef = 467DDA641CD82927000BF023 /* AppDelegate.m */; };
		467DDA681CD82927000BF023 /* MasterViewController.m in Sources */ = {isa = PBXBuildFile; fileRef = 467DDA671CD82927000BF023 /* MasterViewController.m */; };
		467DDA6B1CD82927000BF023 /* DetailViewController.m in Sources */ = {isa = PBXBuildFile; fileRef = 467DDA6A1CD82927000BF023 /* DetailViewController.m */; };
		467DDA6E1CD82927000BF023 /* Main.storyboard in Resources */ = {isa = PBXBuildFile; fileRef = 467DDA6C1CD82927000BF023 /* Main.storyboard */; };
		467DDA701CD82927000BF023 /* Assets.xcassets in Resources */ = {isa = PBXBuildFile; fileRef = 467DDA6F1CD82927000BF023 /* Assets.xcassets */; };
		467DDA731CD82927000BF023 /* LaunchScreen.storyboard in Resources */ = {isa = PBXBuildFile; fileRef = 467DDA711CD82927000BF023 /* LaunchScreen.storyboard */; };
/* End PBXBuildFile section */

/* Begin PBXFileReference section */
		467DDA5D1CD82927000BF023 /* hello.app */ = {isa = PBXFileReference; explicitFileType = wrapper.application; includeInIndex = 0; path = hello.app; sourceTree = BUILT_PRODUCTS_DIR; };
		467DDA611CD82927000BF023 /* main.m */ = {isa = PBXFileReference; lastKnownFileType = sourcecode.c.objc; path = main.m; sourceTree = "<group>"; };
		467DDA631CD82927000BF023 /* AppDelegate.h */ = {isa = PBXFileReference; lastKnownFileType = sourcecode.c.h; path = AppDelegate.h; sourceTree = "<group>"; };
		467DDA641CD82927000BF023 /* AppDelegate.m */ = {isa = PBXFileReference; lastKnownFileType = sourcecode.c.objc; path = AppDelegate.m; sourceTree = "<group>"; };
		467DDA661CD82927000BF023 /* MasterViewController.h */ = {isa = PBXFileReference; lastKnownFileType = sourcecode.c.h; path = MasterViewController.h; sourceTree = "<group>"; };
		467DDA671CD82927000BF023 /* MasterViewController.m */ = {isa = PBXFileReference; lastKnownFileType = sourcecode.c.objc; path = MasterViewController.m; sourceTree = "<group>"; };
		467DDA691CD82927000BF023 /* DetailViewController.h */ = {isa = PBXFileReference; lastKnownFileType = sourcecode.c.h; path = DetailViewController.h; sourceTree = "<group>"; };
		467DDA6A1CD82927000BF023 /* DetailViewController.m */ = {isa = PBXFileReference; lastKnownFileType = sourcecode.c.objc; path = DetailViewController.m; sourceTree = "<group>"; };
		467DDA6D1CD82927000BF023 /* Base */ = {isa = PBXFileReference; lastKnownFileType = file.storyboard; name = Base; path = Base.lproj/Main.storyboard; sourceTree = "<group>"; };
		467DDA6F1CD82927000BF023 /* Assets.xcassets */ = {isa = PBXFileReference; lastKnownFileType = folder.assetcatalog; path = Assets.xcassets; sourceTree = "<group>"; };
		467DDA721CD82927000BF023 /* Base */ = {isa = PBXFileReference; lastKnownFileType = file.storyboard; name = Base; path = Base.lproj/LaunchScreen.storyboard; sourceTree = "<group>"; };
		467DDA741CD82927000BF023 /* Info.plist */ = {isa = PBXFileReference; lastKnownFileType = text.plist.xml; path = Info.plist; sourceTree = "<group>"; };
/* End PBXFileReference section */

/* Begin PBXFrameworksBuildPhase section */
		467DDA5A1CD82927000BF023 /* Frameworks */ = {
			isa = PBXFrameworksBuildPhase;
			buildActionMask = 2147483647;
			files = (
			);
			runOnlyForDeploymentPostprocessing = 0;
		};
/* End PBXFrameworksBuildPhase section */

/* Begin PBXGroup section */
		467DDA541CD82927000BF023 = {
			isa = PBXGroup;
			children = (
				467DDA5F1CD82927000BF023 /* hello */,
				467DDA5E1CD82927000BF023 /* Products */,
			);
			sourceTree = "<group>";
		};
		467DDA5E1CD82927000BF023 /* Products */ = {
			isa = PBXGroup;
			children = (
				467DDA5D1CD82927000BF023 /* hello.app */,
			);
			name = Products;
			sourceTree = "<group>";
		};
		467DDA5F1CD82927000BF023 /* hello */ = {
			isa = PBXGroup;
			children = (
				467DDA631CD82927000BF023 /* AppDelegate.h */,
				467DDA641CD82927000BF023 /* AppDelegate.m */,
				467DDA661CD82927000BF023 /* MasterViewController.h */,
				467DDA671CD82927000BF023 /* MasterViewController.m */,
				467DDA691CD82927000BF023 /* DetailViewController.h */,
				467DDA6A1CD82927000BF023 /* DetailViewController.m */,
				467DDA6C1CD82927000BF023 /* Main.storyboard */,
				467DDA6F1CD82927000BF023 /* Assets.xcassets */,
				467DDA711CD82927000BF023 /* LaunchScreen.storyboard */,
				467DDA741CD82927000BF023 /* Info.plist */,
				467DDA601CD82927000BF023 /* Supporting Files */,
			);
			path = hello;
			sourceTree = "<group>";
		};
		467DDA601CD82927000BF023 /* Supporting Files */ = {
			isa = PBXGroup;
			children = (
				467DDA611CD82927000BF023 /* main.m */,
			);
			name = "Supporting Files";
			sourceTree = "<group>";
		};
/* End PBXGroup section */

/* Begin PBXNativeTarget section */
		467DDA5C1CD82927000BF023 /* hello */ = {
			isa = PBXNativeTarget;
			buildConfigurationList = 467DDA771CD82927000BF023 /* Build configuration list for PBXNativeTarget "hello" */;
			buildPhases = (
				467DDA591CD82927000BF023 /* Sources */,
				467DDA5A1CD82927000BF023 /* Frameworks */,
				467DDA5B1CD82927000BF023 /* Resources */,
			);
			buildRules = (
			);
			dependencies = (
			);
			name = hello;
			productName = hello;
			productReference = 467DDA5D1CD82927000BF023 /* hello.app */;
			productType = "com.apple.product-type.application";
		};
/* End PBXNativeTarget section */

/* Begin PBXProject section */
		467DDA551CD82927000BF023 /* Project object */ = {
			isa = PBXProject;
			attributes = {
				LastUpgradeCheck = 0730;
				ORGANIZATIONNAME = com.kennethchou83;
				TargetAttributes = {
					467DDA5C1CD82927000BF023 = {
						CreatedOnToolsVersion = 7.3;
					};
				};
			};
			buildConfigurationList = 467DDA581CD82927000BF023 /* Build configuration list for PBXProject "hello" */;
			compatibilityVersion = "Xcode 3.2";
			developmentRegion = English;
			hasScannedForEncodings = 0;
			knownRegions = (
				en,
				Base,
			);
			mainGroup = 467DDA541CD82927000BF023;
			productRefGroup = 467DDA5E1CD82927000BF023 /* Products */;
			projectDirPath = "";
			projectRoot = "";
			targets = (
				467DDA5C1CD82927000BF023 /* hello */,
			);
		};
/* End PBXProject section */

/* Begin PBXResourcesBuildPhase section */
		467DDA5B1CD82927000BF023 /* Resources */ = {
			isa = PBXResourcesBuildPhase;
			buildActionMask = 2147483647;
			files = (
				467DDA731CD82927000BF023 /* LaunchScreen.storyboard in Resources */,
				467DDA701CD82927000BF023 /* Assets.xcassets in Resources */,
				467DDA6E1CD82927000BF023 /* Main.storyboard in Resources */,
			);
			runOnlyForDeploymentPostprocessing = 0;
		};
/* End PBXResourcesBuildPhase section */

/* Begin PBXSourcesBuildPhase section */
		467DDA591CD82927000BF023 /* Sources */ = {
			isa = PBXSourcesBuildPhase;
			buildActionMask = 2147483647;
			files = (
				467DDA651CD82927000BF023 /* AppDelegate.m in Sources */,
				467DDA681CD82927000BF023 /* MasterViewController.m in Sources */,
				467DDA621CD82927000BF023 /* main.m in Sources */,
				467DDA6B1CD82927000BF023 /* DetailViewController.m in Sources */,
			);
			runOnlyForDeploymentPostprocessing = 0;
		};
/* End PBXSourcesBuildPhase section */

/* Begin PBXVariantGroup section */
		467DDA6C1CD82927000BF023 /* Main.storyboard */ = {
			isa = PBXVariantGroup;
			children = (
				467DDA6D1CD82927000BF023 /* Base */,
			);
			name = Main.storyboard;
			sourceTree = "<group>";
		};
		467DDA711CD82927000BF023 /* LaunchScreen.storyboard */ = {
			isa = PBXVariantGroup;
			children = (
				467DDA721CD82927000BF023 /* Base */,
			);
			name = LaunchScreen.storyboard;
			sourceTree = "<group>";
		};
/* End PBXVariantGroup section */

/* Begin XCBuildConfiguration section */
		467DDA751CD82927000BF023 /* Debug */ = {
			isa = XCBuildConfiguration;
			buildSettings = {
				ALWAYS_SEARCH_USER_PATHS = NO;
				CLANG_ANALYZER_NONNULL = YES;
				CLANG_CXX_LANGUAGE_STANDARD = "gnu++0x";
				CLANG_CXX_LIBRARY = "libc++";
				CLANG_ENABLE_MODULES = YES;
				CLANG_ENABLE_OBJC_ARC = YES;
				CLANG_WARN_BOOL_CONVERSION = YES;
				CLANG_WARN_CONSTANT_CONVERSION = YES;
				CLANG_WARN_DIRECT_OBJC_ISA_USAGE = YES_ERROR;
				CLANG_WARN_EMPTY_BODY = YES;
				CLANG_WARN_ENUM_CONVERSION = YES;
				CLANG_WARN_INT_CONVERSION = YES;
				CLANG_WARN_OBJC_ROOT_CLASS = YES_ERROR;
				CLANG_WARN_UNREACHABLE_CODE = YES;
				CLANG_WARN__DUPLICATE_METHOD_MATCH = YES;
				"CODE_SIGN_IDENTITY[sdk=iphoneos*]" = "iPhone Developer";
				COPY_PHASE_STRIP = NO;
				DEBUG_INFORMATION_FORMAT = dwarf;
				ENABLE_STRICT_OBJC_MSGSEND = YES;
				ENABLE_TESTABILITY = YES;
				GCC_C_LANGUAGE_STANDARD = gnu99;
				GCC_DYNAMIC_NO_PIC = NO;
				GCC_NO_COMMON_BLOCKS = YES;
				GCC_OPTIMIZATION_LEVEL = 0;
				GCC_PREPROCESSOR_DEFINITIONS = (
					"DEBUG=1",
					"$(inherited)",
				);
				GCC_WARN_64_TO_32_BIT_CONVERSION = YES;
				GCC_WARN_ABOUT_RETURN_TYPE = YES_ERROR;
				GCC_WARN_UNDECLARED_SELECTOR = YES;
				GCC_WARN_UNINITIALIZED_AUTOS = YES_AGGRESSIVE;
				GCC_WARN_UNUSED_FUNCTION = YES;
				GCC_WARN_UNUSED_VARIABLE = YES;
				IPHONEOS_DEPLOYMENT_TARGET = 9.3;
				MTL_ENABLE_DEBUG_INFO = YES;
				ONLY_ACTIVE_ARCH = YES;
				SDKROOT = iphoneos;
			};
			name = Debug;
		};
		467DDA761CD82927000BF023 /* Release */ = {
			isa = XCBuildConfiguration;
			buildSettings = {
				ALWAYS_SEARCH_USER_PATHS = NO;
				CLANG_ANALYZER_NONNULL = YES;
				CLANG_CXX_LANGUAGE_STANDARD = "gnu++0x";
				CLANG_CXX_LIBRARY = "libc++";
				CLANG_ENABLE_MODULES = YES;
				CLANG_ENABLE_OBJC_ARC = YES;
				CLANG_WARN_BOOL_CONVERSION = YES;
				CLANG_WARN_CONSTANT_CONVERSION = YES;
				CLANG_WARN_DIRECT_OBJC_ISA_USAGE = YES_ERROR;
				CLANG_WARN_EMPTY_BODY = YES;
				CLANG_WARN_ENUM_CONVERSION = YES;
				CLANG_WARN_INT_CONVERSION = YES;
				CLANG_WARN_OBJC_ROOT_CLASS = YES_ERROR;
				CLANG_WARN_UNREACHABLE_CODE = YES;
				CLANG_WARN__DUPLICATE_METHOD_MATCH = YES;
				"CODE_SIGN_IDENTITY[sdk=iphoneos*]" = "iPhone Developer";
				COPY_PHASE_STRIP = NO;
				DEBUG_INFORMATION_FORMAT = "dwarf-with-dsym";
				ENABLE_NS_ASSERTIONS = NO;
				ENABLE_STRICT_OBJC_MSGSEND = YES;
				GCC_C_LANGUAGE_STANDARD = gnu99;
				GCC_NO_COMMON_BLOCKS = YES;
				GCC_WARN_64_TO_32_BIT_CONVERSION = YES;
				GCC_WARN_ABOUT_RETURN_TYPE = YES_ERROR;
				GCC_WARN_UNDECLARED_SELECTOR = YES;
				GCC_WARN_UNINITIALIZED_AUTOS = YES_AGGRESSIVE;
				GCC_WARN_UNUSED_FUNCTION = YES;
				GCC_WARN_UNUSED_VARIABLE = YES;
				IPHONEOS_DEPLOYMENT_TARGET = 9.3;
				MTL_ENABLE_DEBUG_INFO = NO;
				SDKROOT = iphoneos;
				VALIDATE_PRODUCT = YES;
			};
			name = Release;
		};
		467DDA781CD82927000BF023 /* Debug */ = {
			isa = XCBuildConfiguration;
			buildSettings = {
				ASSETCATALOG_COMPILER_APPICON_NAME = AppIcon;
				INFOPLIST_FILE = hello/Info.plist;
				LD_RUNPATH_SEARCH_PATHS = "$(inherited) @executable_path/Frameworks";
				PRODUCT_BUNDLE_IDENTIFIER = "Kenneth-Chou.hello";
				PRODUCT_NAME = "$(TARGET_NAME)";
			};
			name = Debug;
		};
		467DDA791CD82927000BF023 /* Release */ = {
			isa = XCBuildConfiguration;
			buildSettings = {
				ASSETCATALOG_COMPILER_APPICON_NAME = AppIcon;
				INFOPLIST_FILE = hello/Info.plist;
				LD_RUNPATH_SEARCH_PATHS = "$(inherited) @executable_path/Frameworks";
				PRODUCT_BUNDLE_IDENTIFIER = "Kenneth-Chou.hello";
				PRODUCT_NAME = "$(TARGET_NAME)";
			};
			name = Release;
		};
/* End XCBuildConfiguration section */

/* Begin XCConfigurationList section */
		467DDA581CD82927000BF023 /* Build configuration list for PBXProject "hello" */ = {
			isa = XCConfigurationList;
			buildConfigurations = (
				467DDA751CD82927000BF023 /* Debug */,
				467DDA761CD82927000BF023 /* Release */,
			);
			defaultConfigurationIsVisible = 0;
			defaultConfigurationName = Release;
		};
		467DDA771CD82927000BF023 /* Build configuration list for PBXNativeTarget "hello" */ = {
			isa = XCConfigurationList;
			buildConfigurations = (
				467DDA781CD82927000BF023 /* Debug */,
				467DDA791CD82927000BF023 /* Release */,
			);
			defaultConfigurationIsVisible = 0;
		};
/* End XCConfigurationList section */
	};
	rootObject = 467DDA551CD82927000BF023 /* Project object */;
}
